{
  "name": "wdi-project",
  "version": "1.0.0",
  "lockfileVersion": 1,
  "requires": true,
  "dependencies": {
    "react-select-box": {
      "version": "3.0.1",
      "resolved": "https://registry.npmjs.org/react-select-box/-/react-select-box-3.0.1.tgz",
      "integrity": "sha1-UeJOpo2Jo6s4bPxM8AWVkFP8Dek="
    }
  }
}
